
Microsoft Visual Studio Solution File, Format Version 12.00
# Visual Studio Version 17
VisualStudioVersion = 17.3.32825.248
MinimumVisualStudioVersion = 10.0.40219.1
Project("{FAE04EC0-301F-11D3-BF4B-00C04F79EFBC}") = "Api", "Api\Api.csproj", "{98D1F700-C988-4F19-89D1-9B7D002D702D}"
EndProject
Global
	GlobalSection(SolutionConfigurationPlatforms) = preSolution
		Debug|Any CPU = Debug|Any CPU
		Release|Any CPU = Release|Any CPU
	EndGlobalSection
	GlobalSection(ProjectConfigurationPlatforms) = postSolution
		{98D1F700-C988-4F19-89D1-9B7D002D702D}.Debug|Any CPU.ActiveCfg = Debug|Any CPU
		{98D1F700-C988-4F19-89D1-9B7D002D702D}.Debug|Any CPU.Build.0 = Debug|Any CPU
		{98D1F700-C988-4F19-89D1-9B7D002D702D}.Release|Any CPU.ActiveCfg = Release|Any CPU
		{98D1F700-C988-4F19-89D1-9B7D002D702D}.Release|Any CPU.Build.0 = Release|Any CPU
	EndGlobalSection
	GlobalSection(SolutionProperties) = preSolution
		HideSolutionNode = FALSE
	EndGlobalSection
	GlobalSection(ExtensibilityGlobals) = postSolution
		SolutionGuid = {E6AD5655-69C9-485B-9F63-FF2F67F42B51}
	EndGlobalSection
EndGlobal
